{
  "originHash" : "4a5e7abe646d0f79ea5c9a4c84a2bdbc97b7861357a658f4f8e517f611141a21",
  "pins" : [
    {
      "identity" : "simplefilelogger",
      "kind" : "remoteSourceControl",
      "location" : "https://github.com/nacho4d/SimpleFileLogger.git",
      "state" : {
        "revision" : "2ae6ab681602cf2e67ed5fa6cc09187f929f1ff0"
      }
    }
  ],
  "version" : 3
}
